
Microsoft Visual Studio Solution File, Format Version 12.00
# Visual Studio 15
VisualStudioVersion = 15.0.26730.16
MinimumVisualStudioVersion = 10.0.40219.1
Project("{888888A0-9F3D-457C-B088-3A5042F75D52}") = "CapstoneProject", "src\CapstoneProject.pyproj", "{DA44FC14-E72A-430B-95BF-A5B07AC39049}"
EndProject
Global
	GlobalSection(SolutionConfigurationPlatforms) = preSolution
		Debug|Any CPU = Debug|Any CPU
		Release|Any CPU = Release|Any CPU
	EndGlobalSection
	GlobalSection(ProjectConfigurationPlatforms) = postSolution
		{DA44FC14-E72A-430B-95BF-A5B07AC39049}.Debug|Any CPU.ActiveCfg = Debug|Any CPU
		{DA44FC14-E72A-430B-95BF-A5B07AC39049}.Release|Any CPU.ActiveCfg = Release|Any CPU
	EndGlobalSection
	GlobalSection(SolutionProperties) = preSolution
		HideSolutionNode = FALSE
	EndGlobalSection
	GlobalSection(ExtensibilityGlobals) = postSolution
		SolutionGuid = {59424126-0A5F-4449-A0E9-4A76FBB094AA}
	EndGlobalSection
EndGlobal
